
Microsoft Visual Studio Solution File, Format Version 12.00
# Visual Studio Version 17
VisualStudioVersion = 17.4.33103.184
MinimumVisualStudioVersion = 10.0.40219.1
Project("{FAE04EC0-301F-11D3-BF4B-00C04F79EFBC}") = "WarehouseInventory", "WarehouseInventory\WarehouseInventory.csproj", "{9AF82DFC-C7E8-4DB2-97EF-5BB4CF30222E}"
EndProject
Project("{FAE04EC0-301F-11D3-BF4B-00C04F79EFBC}") = "WarehouseInventory.DataLayer", "..\WarehouseInventory.DataLayer\WarehouseInventory.DataLayer\WarehouseInventory.DataLayer.csproj", "{F0541A74-66C0-4F35-8F57-72CEC015A189}"
EndProject
Project("{FAE04EC0-301F-11D3-BF4B-00C04F79EFBC}") = "WarehouseInventory.BusinessLayer", "..\WarehouseInventory.BusinessLayer\WarehouseInventory.BusinessLayer\WarehouseInventory.BusinessLayer.csproj", "{64E697C4-EA68-47FB-AEF3-9504C47D51C0}"
EndProject
Global
	GlobalSection(SolutionConfigurationPlatforms) = preSolution
		Debug|Any CPU = Debug|Any CPU
		Release|Any CPU = Release|Any CPU
	EndGlobalSection
	GlobalSection(ProjectConfigurationPlatforms) = postSolution
		{9AF82DFC-C7E8-4DB2-97EF-5BB4CF30222E}.Debug|Any CPU.ActiveCfg = Debug|Any CPU
		{9AF82DFC-C7E8-4DB2-97EF-5BB4CF30222E}.Debug|Any CPU.Build.0 = Debug|Any CPU
		{9AF82DFC-C7E8-4DB2-97EF-5BB4CF30222E}.Release|Any CPU.ActiveCfg = Release|Any CPU
		{9AF82DFC-C7E8-4DB2-97EF-5BB4CF30222E}.Release|Any CPU.Build.0 = Release|Any CPU
		{F0541A74-66C0-4F35-8F57-72CEC015A189}.Debug|Any CPU.ActiveCfg = Debug|Any CPU
		{F0541A74-66C0-4F35-8F57-72CEC015A189}.Debug|Any CPU.Build.0 = Debug|Any CPU
		{F0541A74-66C0-4F35-8F57-72CEC015A189}.Release|Any CPU.ActiveCfg = Release|Any CPU
		{F0541A74-66C0-4F35-8F57-72CEC015A189}.Release|Any CPU.Build.0 = Release|Any CPU
		{64E697C4-EA68-47FB-AEF3-9504C47D51C0}.Debug|Any CPU.ActiveCfg = Debug|Any CPU
		{64E697C4-EA68-47FB-AEF3-9504C47D51C0}.Debug|Any CPU.Build.0 = Debug|Any CPU
		{64E697C4-EA68-47FB-AEF3-9504C47D51C0}.Release|Any CPU.ActiveCfg = Release|Any CPU
		{64E697C4-EA68-47FB-AEF3-9504C47D51C0}.Release|Any CPU.Build.0 = Release|Any CPU
	EndGlobalSection
	GlobalSection(SolutionProperties) = preSolution
		HideSolutionNode = FALSE
	EndGlobalSection
	GlobalSection(ExtensibilityGlobals) = postSolution
		SolutionGuid = {43EFD8E8-FBE2-40FB-804D-A9DAF7B8278D}
	EndGlobalSection
EndGlobal
